<Solution>
  <Project Path="D:/Development/DotNetCore/FinalLab2_ProductTierApp/BLL/BLL.csproj" />
  <Project Path="D:/Development/DotNetCore/FinalLab2_ProductTierApp/DAL/DAL.csproj" />
  <Project Path="D:/Development/DotNetCore/FinalLab2_ProductTierApp/MVCAppLayer/MVCAppLayer.csproj" />
</Solution>
